
Microsoft Visual Studio Solution File, Format Version 12.00
# Visual Studio Version 16
VisualStudioVersion = 16.0.31410.357
MinimumVisualStudioVersion = 10.0.40219.1
Project("{FAE04EC0-301F-11D3-BF4B-00C04F79EFBC}") = "RepairTrack", "RepairTrack\RepairTrack.csproj", "{C8226316-9206-4793-BB7B-C9F6EEE092C5}"
EndProject
Global
	GlobalSection(SolutionConfigurationPlatforms) = preSolution
		Debug|Any CPU = Debug|Any CPU
		Release|Any CPU = Release|Any CPU
	EndGlobalSection
	GlobalSection(ProjectConfigurationPlatforms) = postSolution
		{C8226316-9206-4793-BB7B-C9F6EEE092C5}.Debug|Any CPU.ActiveCfg = Debug|Any CPU
		{C8226316-9206-4793-BB7B-C9F6EEE092C5}.Debug|Any CPU.Build.0 = Debug|Any CPU
		{C8226316-9206-4793-BB7B-C9F6EEE092C5}.Release|Any CPU.ActiveCfg = Release|Any CPU
		{C8226316-9206-4793-BB7B-C9F6EEE092C5}.Release|Any CPU.Build.0 = Release|Any CPU
	EndGlobalSection
	GlobalSection(SolutionProperties) = preSolution
		HideSolutionNode = FALSE
	EndGlobalSection
	GlobalSection(ExtensibilityGlobals) = postSolution
		SolutionGuid = {C23AA889-163E-40AC-8BC0-A390F278401C}
	EndGlobalSection
EndGlobal
